
Microsoft Visual Studio Solution File, Format Version 12.00
# Visual Studio 2012
Project("{E24C65DC-7377-472B-9ABA-BC803B73C61A}") = "widgets", "http://localhost/experimental/widgets", "{04A1E4FB-6435-4C0C-AED9-CE0DA54A6B7C}"
	ProjectSection(WebsiteProperties) = preProject
		UseIISExpress = "false"
		TargetFrameworkMoniker = ".NETFramework,Version%3Dv2.0"
		Debug.AspNetCompiler.VirtualPath = "/widgets"
		Debug.AspNetCompiler.PhysicalPath = "..\agrc.widgets\"
		Debug.AspNetCompiler.TargetPath = "PrecompiledWeb\widgets\"
		Debug.AspNetCompiler.Updateable = "true"
		Debug.AspNetCompiler.ForceOverwrite = "true"
		Debug.AspNetCompiler.FixedNames = "false"
		Debug.AspNetCompiler.Debug = "True"
		Release.AspNetCompiler.VirtualPath = "/widgets"
		Release.AspNetCompiler.PhysicalPath = "..\agrc.widgets\"
		Release.AspNetCompiler.TargetPath = "PrecompiledWeb\widgets\"
		Release.AspNetCompiler.Updateable = "true"
		Release.AspNetCompiler.ForceOverwrite = "true"
		Release.AspNetCompiler.FixedNames = "false"
		Release.AspNetCompiler.Debug = "False"
		SlnRelativePath = "..\agrc.widgets\"
	EndProjectSection
EndProject
Global
	GlobalSection(SolutionConfigurationPlatforms) = preSolution
		Debug|Any CPU = Debug|Any CPU
	EndGlobalSection
	GlobalSection(ProjectConfigurationPlatforms) = postSolution
		{04A1E4FB-6435-4C0C-AED9-CE0DA54A6B7C}.Debug|Any CPU.ActiveCfg = Debug|Any CPU
		{04A1E4FB-6435-4C0C-AED9-CE0DA54A6B7C}.Debug|Any CPU.Build.0 = Debug|Any CPU
	EndGlobalSection
	GlobalSection(SolutionProperties) = preSolution
		HideSolutionNode = FALSE
	EndGlobalSection
EndGlobal
